
Microsoft Visual Studio Solution File, Format Version 12.00
# Visual Studio Version 17
VisualStudioVersion = 17.4.33213.308
MinimumVisualStudioVersion = 10.0.40219.1
Project("{FAE04EC0-301F-11D3-BF4B-00C04F79EFBC}") = "CodingExercise", "CodingExercise\CodingExercise.csproj", "{01B13D25-3D69-48FD-AAD0-241F7327D274}"
EndProject
Global
	GlobalSection(SolutionConfigurationPlatforms) = preSolution
		Debug|Any CPU = Debug|Any CPU
		Release|Any CPU = Release|Any CPU
	EndGlobalSection
	GlobalSection(ProjectConfigurationPlatforms) = postSolution
		{01B13D25-3D69-48FD-AAD0-241F7327D274}.Debug|Any CPU.ActiveCfg = Debug|Any CPU
		{01B13D25-3D69-48FD-AAD0-241F7327D274}.Debug|Any CPU.Build.0 = Debug|Any CPU
		{01B13D25-3D69-48FD-AAD0-241F7327D274}.Release|Any CPU.ActiveCfg = Release|Any CPU
		{01B13D25-3D69-48FD-AAD0-241F7327D274}.Release|Any CPU.Build.0 = Release|Any CPU
	EndGlobalSection
	GlobalSection(SolutionProperties) = preSolution
		HideSolutionNode = FALSE
	EndGlobalSection
	GlobalSection(ExtensibilityGlobals) = postSolution
		SolutionGuid = {B58606EA-E459-49C2-9E61-AD89E9406A10}
	EndGlobalSection
EndGlobal
